{
    "_meta": {
        "hash": {
            "sha256": "758545a5dd159c87d1b7c23008171ed6afeff73d769a6a66a848d6c21ce2fff1"
        },
        "pipfile-spec": 6,
        "requires": {
            "python_version": "3.8"
        },
        "sources": [
            {
                "name": "pypi",
                "url": "https://pypi.org/simple",
                "verify_ssl": true
            }
        ]
    },
    "default": {
        "certifi": {
            "hashes": [
                "sha256:2bbf76fd432960138b3ef6dda3dde0544f27cbf8546c458e60baf371917ba9ee",
                "sha256:50b1e4f8446b06f41be7dd6338db18e0990601dce795c2b1686458aa7e8fa7d8"
            ],
            "version": "==2021.5.30"
        },
        "chardet": {
            "hashes": [
                "sha256:0d6f53a15db4120f2b08c94f11e7d93d2c911ee118b6b30a04ec3ee8310179fa",
                "sha256:f864054d66fd9118f2e67044ac8981a54775ec5b67aed0441892edb553d21da5"
            ],
            "version": "==4.0.0"
        },
        "idna": {
            "hashes": [
                "sha256:b307872f855b18632ce0c21c5e45be78c0ea7ae4c15c828c20788b26921eb3f6",
                "sha256:b97d804b1e9b523befed77c48dacec60e6dcb0b5391d57af6a65a312a90648c0"
            ],
            "version": "==2.10"
        },
        "lol-dto": {
            "hashes": [
                "sha256:3216598c99a23e8e9b82f87beb4117e013f286dc12bbb25b54fd45116b4cf1b8"
            ],
            "index": "pypi",
            "version": "==0.1a4"
        },
        "lol-id-tools": {
            "hashes": [
                "sha256:abd91b38c123cf4daa44b79d58d050c68b8925fc9e1376fd6b0f43f143d1fba2"
            ],
            "index": "pypi",
            "version": "==1.5.0"
        },
        "rapidfuzz": {
            "hashes": [
                "sha256:0ec346f271e96c485716c091c8b0b78ba52da33f7c6ebb52a349d64094566c2d",
                "sha256:1430dc745476e3798742ad835f61f6e6bf5d3e9a22cf9cd0288b28b7440a9872",
                "sha256:1897d2ef03f5b51bc19bdb2d0398ae968766750fa319843733f0a8f12ddde986",
                "sha256:1d20311da611c8f4638a09e2bc5e04b327bae010cb265ef9628d9c13c6d5da7b",
                "sha256:21300c4d048798985c271a8bf1ed1611902ebd4479fcacda1a3eaaebbad2f744",
                "sha256:2278001924031d9d75f821bff2c5fef565c8376f252562e04d8eec8857475c36",
                "sha256:26ac4bfe564c516e053fc055f1543d2b2433338806738c7582e1f75ed0485f7e",
                "sha256:26b7f48b3ddd9d97cf8482a88f0f6cba47ac13ff16e63386ea7ce06178174770",
                "sha256:27f9eef48e212d73e78f0f5ceedc62180b68f6a25fa0752d2ccfaedc3a840bec",
                "sha256:2963f356c70b710dc6337b012ec976ce2fc2b81c2a9918a686838fead6eb4e1d",
                "sha256:2cccc84e1f0c6217747c09cafe93164e57d3644e18a334845a2dfbdd2073cd2c",
                "sha256:31e99216e2a04aec4f281d472b28a683921f1f669a429cf605d11526623eaeed",
                "sha256:3b485c98ad1ce3c04556f65aaab5d6d6d72121cde656d43505169c71ae956476",
                "sha256:3c94b6d3513c693f253ff762112cc4580d3bd377e4abacb96af31a3d606fbe14",
                "sha256:4364db793ed4b439f9dd28a335bee14e2a828283d3b93c2d2686cc645eeafdd5",
                "sha256:4990698233e7eda7face7c09f5874a09760c7524686045cbb10317e3a7f3225f",
                "sha256:4fa195ea9ca35bacfa2a4319c6d4ab03aa6a283ad2089b70d2dfa0f6a7d9c1bc",
                "sha256:506d50a066451502ee2f8bf016bc3ba3e3b04eede7a4059d7956248e2dd96179",
                "sha256:5208ce1b1989a10e6fc5b5ef5d0bb7d1ffe5408838f3106abde241aff4dab08c",
                "sha256:56a67a5b3f783e9af73940f6945366408b3a2060fc6ab18466e5a2894fd85617",
                "sha256:59db06356eaf22c83f44b0dded964736cbb137291cdf2cf7b4974c0983b94932",
                "sha256:5fa8570720b0fdfc52f24f5663d66c52ea88ba19cb8b1ff6a39a8bc0b925b33b",
                "sha256:61167f989415e701ac379de247e6b0a21ea62afc86c54d8a79f485b4f0173c02",
                "sha256:62c1f4ac20c8019ce8d481fb27235306ef3912a8d0b9a60b17905699f43ff072",
                "sha256:645cfb9456229f0bd5752b3eda69f221d825fbb8cbb8855433516bc185111506",
                "sha256:6e336cfd8103b0b38e107e01502e9d6bf7c7f04e49b970fb11a4bf6c7a932b94",
                "sha256:72878878d6744883605b5453c382361716887e9e552f677922f76d93d622d8cb",
                "sha256:7d8c186e8270e103d339b26ef498581cf3178470ccf238dfd5fd0e47d80e4c7d",
                "sha256:80b375098658bb3db14215a975d354f6573d3943ac2ae0c4627c7760d57ce075",
                "sha256:8427310ea29ce2968e1c6f6779ae5a458b3a4984f9150fc4d16f92b96456f848",
                "sha256:8cb5c2502ff06028a1468bdf61323b53cc3a37f54b5d62d62c5371795b81086a",
                "sha256:9246b9c5c8992a83a08ac7813c8bbff2e674ad0b681f9b3fb1ec7641eff6c21f",
                "sha256:a87e212855b18a951e79ec71d71dbd856d98cd2019d0c2bd46ec30688a8aa68a",
                "sha256:a89d11f3b5da35fdf3e839186203b9367d56e2be792e8dccb098f47634ec6eb9",
                "sha256:ba8f7cbd8fdbd3ae115f4484888f3cb94bc2ac7cbd4eb1ca95a3d4f874261ff8",
                "sha256:bb16a10b40f5bd3c645f7748fbd36f49699a03f550c010a2c665905cc8937de8",
                "sha256:bdec9ae5fd8a8d4d8813b4aac3505c027b922b4033a32a7aab66a9b2f03a7b47",
                "sha256:bf18614f87fe3bfff783f0a3d0fad0eb59c92391e52555976e55570a651d2330",
                "sha256:c07f301fd549b266410654850c6918318d7dcde8201350e9ac0819f0542cf147",
                "sha256:c13cd1e840aa93639ac1d131fbfa740a609fd20dfc2a462d5cd7bce747a2398d",
                "sha256:c200bd813bbd3b146ba0fd284a9ad314bbad9d95ed542813273bdb9d0ee4e796",
                "sha256:c28be57c9bc47b3d7f484340fab1bec8ed4393dee1090892c2774a4584435eb8",
                "sha256:c43ddb354abd00e56f024ce80affb3023fa23206239bb81916d5877cba7f2d1e",
                "sha256:c798c5b87efe8a7e63f408e07ff3bc03ba8b94f4498a89b48eaab3a9f439d52c",
                "sha256:d2659967c6ac74211a87a1109e79253e4bc179641057c64800ef4e2dc0534fdb",
                "sha256:d7881965e428cf6fe248d6e702e6d5857da02278ab9b21313bee717c080e443e",
                "sha256:de20550178376d21bfe1b34a7dc42ab107bb282ef82069cf6dfe2805a0029e26",
                "sha256:e1fc4fd219057f5f1fa40bb9bc5e880f8ef45bf19350d4f5f15ca2ce7f61c99b",
                "sha256:ed708620b23a09ac52eaaec0761943c1bbc9a62d19ecd2feb4da8c3f79ef9d37",
                "sha256:f2033e3d61d1e498f618123b54dc7436d50510b0d18fd678d867720e8d7b2f23",
                "sha256:f22bf7ba6eddd59764457f74c637ab5c3ed976c5fcfaf827e1d320cc0478e12b",
                "sha256:f35c8a4c690447fd335bfd77df4da42dfea37cfa06a8ecbf22543d86dc720e12",
                "sha256:f37f80c1541d6e0a30547261900086b8c0bac519ebc12c9cd6b61a9a43a7e195",
                "sha256:f58c17f7a82b1bcc2ce304942cae14287223e6b6eead7071241273da7d9b9770",
                "sha256:f5d396b64f8ae3a793633911a1fb5d634ac25bf8f13d440139fa729131be42d8",
                "sha256:f76c965f15861ec4d39e904bd65b84a39121334439ac17bfb8b900d1e6779a93",
                "sha256:f8c79cd11b4778d387366a59aa747f5268433f9d68be37b00d16f4fb08fdf850",
                "sha256:f9f35df5dd9b02669ff6b1d4a386607ff56982c86a7e57d95eb08c6afbab4ddd",
                "sha256:fa4c8b6fc7e93e3a3fb9be9566f1fe7ef920735eadcee248a0d70f3ca8941341",
                "sha256:fc668fd706ad1162ce14f26ca2957b4690d47770d23609756536c918a855ced0",
                "sha256:fef95249af9a535854b617a68788c38cd96308d97ee14d44bc598cc73e986167"
            ],
            "version": "==1.4.1"
        },
        "requests": {
            "hashes": [
                "sha256:27973dd4a904a4f13b263a19c866c13b92a39ed1c964655f025f3f8d3d75b804",
                "sha256:c210084e36a42ae6b9219e00e48287def368a26d03a048ddad7bfee44f75871e"
            ],
            "version": "==2.25.1"
        },
        "riotwatcher": {
            "hashes": [
                "sha256:bf8b8eb7e13c794730c18cd7846513cf22295a068204433117ce4d83a25b0fd2",
                "sha256:f00346692cd05c82450d7cfbdbf94e0de9553179daf612d08d1ffb163a091945"
            ],
            "index": "pypi",
            "version": "==3.0.0"
        },
        "urllib3": {
            "hashes": [
                "sha256:753a0374df26658f99d826cfe40394a686d05985786d946fbe4165b5148f5a7c",
                "sha256:a7acd0977125325f516bda9735fa7142b909a8d01e8b2e4c8108d0984e6e0098"
            ],
            "index": "pypi",
            "version": "==1.26.5"
        }
    },
    "develop": {
        "attrs": {
            "hashes": [
                "sha256:149e90d6d8ac20db7a955ad60cf0e6881a3f20d37096140088356da6c716b0b1",
                "sha256:ef6aaac3ca6cd92904cdd0d83f629a15f18053ec84e6432106f7a4d04ae4f5fb"
            ],
            "version": "==21.2.0"
        },
        "joblib": {
            "hashes": [
                "sha256:9c17567692206d2f3fb9ecf5e991084254fe631665c450b443761c4186a613f7",
                "sha256:feeb1ec69c4d45129954f1b7034954241eedfd6ba39b5e9e4b6883be3332d5e5"
            ],
            "version": "==1.0.1"
        },
        "more-itertools": {
            "hashes": [
                "sha256:2cf89ec599962f2ddc4d568a05defc40e0a587fbc10d5989713638864c36be4d",
                "sha256:83f0308e05477c68f56ea3a888172c78ed5d5b3c282addb67508e7ba6c8f813a"
            ],
            "version": "==8.8.0"
        },
        "numpy": {
            "hashes": [
                "sha256:068cfc78963ce8b9dd2dc7ad1f2d5ebebc47e10103ea0166074e6bd31e78aeb8",
                "sha256:17f3ac57e19740f1c064c284ad361148be245fabbd6390bec3ffa814fb287fd6",
                "sha256:19e076e4d9b66fd63477e907ed2a4c6662bbcd5a74b2cf50a9b0753afb4ee167",
                "sha256:234fc98750ada00204ebf3acd94baea213c6f9f0ff6b097d06952f734f67e58a",
                "sha256:305aff30d8976eccf14751a1095dac0e60e0c071f1fb82e6c53948fc5b6b346c",
                "sha256:35180d82f457f0857963a486c16bd472582f217827c839dcb3a3de298b532f11",
                "sha256:438129e0d1dd03d235ae25c45b5621888d699935cf5b813d08a0bb2e7221c9d4",
                "sha256:4796c196faa5f5418ce9a8ee0e993c925755e505778e32442263422c4fe88013",
                "sha256:4c6395cc3eefdd1c9ede1c84ad8e728edfc97ea506b04b9600d4cb61c7b80cb4",
                "sha256:56d67935694d9270e0a9bcfd6b9169f81ef2c2e5e154acd57ac7afe2d48d7b29",
                "sha256:57410c33aef7b3fd4ef2e5f09f1c084a21021055c74034748b8d2957a72dad01",
                "sha256:63b3d66f5610c61d3d1b47687b99584fdf7734192344814d80f2670e0c7b05ef",
                "sha256:6ed13704d67934d458abeaacd96079bb8ae5f0ea000765777449e94288590097",
                "sha256:723fff54844d9c1e01703ed2bc177f892fd89530b7671e8191a639d799cd75b7",
                "sha256:7ada705e3e9364f874c41fc370c23247f4c1466888dfd61ac5ec9277524928c2",
                "sha256:80929da75a678433dcc8c79db94eb373408778d17fe9b49c4521501a5923a3e2",
                "sha256:8b92d27414779f568484c4a0aeddbff8e1fa9d9403cff122161fa25bc94e7f44",
                "sha256:97faf00577c74a4f4b6304c1b7f6223fb0825d1a7cfaad5601cbeadd8282cd70",
                "sha256:9abfe8ef4f8898d0448de735a3270de466553b61de8e6ddc31fc8770003fdfa4",
                "sha256:a1c3737f659085eeaab83e016569368157d8d46d6a3be317c864dadd3c28fa42",
                "sha256:a3a480ac4077c868124427456c6a64dcb7da12817bd3e770006980a4fd0d2526",
                "sha256:b58c8c1ea4b80a5cbc756a11e446eec16088ebd9e080e71a64c458f6c07cb3c7",
                "sha256:da0797286c299c426e5b6cf03ca9e1dab0dace161b64d7a1879c4d15eb12ceba",
                "sha256:dcc194082d94c45fe8a005861cdce6ec33b51c1dccf2a7e6044b33038b82f579",
                "sha256:f5e7cd7068df4aa803be68edc7c6fc5e3ed934d53a7ab1f21539fb5925e0172e",
                "sha256:ff442e4fe6e66019b2070352e0cd6e7dde994ff1267d45343b587ed621e4ec47"
            ],
            "version": "==1.21.0rc1"
        },
        "packaging": {
            "hashes": [
                "sha256:5b327ac1320dc863dca72f4514ecc086f31186744b84a230374cc1fd776feae5",
                "sha256:67714da7f7bc052e064859c05c595155bd1ee9f69f76557e21f051443c20947a"
            ],
            "version": "==20.9"
        },
        "pandas": {
            "hashes": [
                "sha256:167693a80abc8eb28051fbd184c1b7afd13ce2c727a5af47b048f1ea3afefff4",
                "sha256:2111c25e69fa9365ba80bbf4f959400054b2771ac5d041ed19415a8b488dc70a",
                "sha256:298f0553fd3ba8e002c4070a723a59cdb28eda579f3e243bc2ee397773f5398b",
                "sha256:2b063d41803b6a19703b845609c0b700913593de067b552a8b24dd8eeb8c9895",
                "sha256:2cb7e8f4f152f27dc93f30b5c7a98f6c748601ea65da359af734dd0cf3fa733f",
                "sha256:52d2472acbb8a56819a87aafdb8b5b6d2b3386e15c95bde56b281882529a7ded",
                "sha256:612add929bf3ba9d27b436cc8853f5acc337242d6b584203f207e364bb46cb12",
                "sha256:649ecab692fade3cbfcf967ff936496b0cfba0af00a55dfaacd82bdda5cb2279",
                "sha256:68d7baa80c74aaacbed597265ca2308f017859123231542ff8a5266d489e1858",
                "sha256:8d4c74177c26aadcfb4fd1de6c1c43c2bf822b3e0fc7a9b409eeaf84b3e92aaa",
                "sha256:971e2a414fce20cc5331fe791153513d076814d30a60cd7348466943e6e909e4",
                "sha256:9db70ffa8b280bb4de83f9739d514cd0735825e79eef3a61d312420b9f16b758",
                "sha256:b730add5267f873b3383c18cac4df2527ac4f0f0eed1c6cf37fcb437e25cf558",
                "sha256:bd659c11a4578af740782288cac141a322057a2e36920016e0fc7b25c5a4b686",
                "sha256:c601c6fdebc729df4438ec1f62275d6136a0dd14d332fc0e8ce3f7d2aadb4dd6",
                "sha256:d0877407359811f7b853b548a614aacd7dea83b0c0c84620a9a643f180060950"
            ],
            "version": "==1.2.4"
        },
        "pluggy": {
            "hashes": [
                "sha256:15b2acde666561e1298d71b523007ed7364de07029219b604cf808bfa1c765b0",
                "sha256:966c145cd83c96502c3c3868f50408687b38434af77734af1e9ca461a4081d2d"
            ],
            "version": "==0.13.1"
        },
        "py": {
            "hashes": [
                "sha256:21b81bda15b66ef5e1a777a21c4dcd9c20ad3efd0b3f817e7a809035269e1bd3",
                "sha256:3b80836aa6d1feeaa108e046da6423ab8f6ceda6468545ae8d02d9d58d18818a"
            ],
            "version": "==1.10.0"
        },
        "pyparsing": {
            "hashes": [
                "sha256:1c6409312ce2ce2997896af5756753778d5f1603666dba5587804f09ad82ed27",
                "sha256:f4896b4cc085a1f8f8ae53a1a90db5a86b3825ff73eb974dffee3d9e701007f4"
            ],
            "version": "==3.0.0b2"
        },
        "pytest": {
            "hashes": [
                "sha256:5c0db86b698e8f170ba4582a492248919255fcd4c79b1ee64ace34301fb589a1",
                "sha256:7979331bfcba207414f5e1263b5a0f8f521d0f457318836a7355531ed1a4c7d8"
            ],
            "index": "pypi",
            "version": "==5.4.3"
        },
        "python-dateutil": {
            "hashes": [
                "sha256:73ebfe9dbf22e832286dafa60473e4cd239f8592f699aa5adaf10050e6e1823c",
                "sha256:75bb3f31ea686f1197762692a9ee6a7550b59fc6ca3a1f4b5d7e32fb98e2da2a"
            ],
            "version": "==2.8.1"
        },
        "pytz": {
            "hashes": [
                "sha256:83a4a90894bf38e243cf052c8b58f381bfe9a7a483f6a9cab140bc7f702ac4da",
                "sha256:eb10ce3e7736052ed3623d49975ce333bcd712c7bb19a58b9e2089d4057d0798"
            ],
            "version": "==2021.1"
        },
        "roleml": {
            "hashes": [
                "sha256:406c2a12ea62564e88fc091569f5ff7e300b6479024021834106859192073280",
                "sha256:51fa7c2d7c6972005f910cd7aea986e8f57943266d8d3205909325e046fdc9ad"
            ],
            "index": "pypi",
            "version": "==0.1.16"
        },
        "scikit-learn": {
            "hashes": [
                "sha256:038f4e9d6ef10e1f3fe82addc3a14735c299866eb10f2c77c090410904828312",
                "sha256:06ffdcaaf81e2a3b1b50c3ac6842cfb13df2d8b737d61f64643ed61da7389cde",
                "sha256:0e71ce9c7cbc20f6f8b860107ce15114da26e8675238b4b82b7e7cd37ca0c087",
                "sha256:1eec963fe9ffc827442c2e9333227c4d49749a44e592f305398c1db5c1563393",
                "sha256:2754c85b2287333f9719db7f23fb7e357f436deed512db3417a02bf6f2830aa5",
                "sha256:2db429090b98045d71218a9ba913cc9b3fe78e0ba0b6b647d8748bc6d5a44080",
                "sha256:39b7e3b71bcb1fe46397185d6c1a5db1c441e71c23c91a31e7ad8cc3f7305f9a",
                "sha256:3cbd734e1aefc7c5080e6b6973fe062f97c26a1cdf1a991037ca196ce1c8f427",
                "sha256:40556bea1ef26ef54bc678d00cf138a63069144a0b5f3a436eecd8f3468b903e",
                "sha256:48f273836e19901ba2beecd919f7b352f09310ce67c762f6e53bc6b81cacf1f0",
                "sha256:49ec0b1361da328da9bb7f1a162836028e72556356adeb53342f8fae6b450d47",
                "sha256:4e6198675a6f9d333774671bd536668680eea78e2e81c0b19e57224f58d17f37",
                "sha256:5beaeb091071625e83f5905192d8aecde65ba2f26f8b6719845bbf586f7a04a1",
                "sha256:5ff3e4e4cf7592d36541edec434e09fb8ab9ba6b47608c4ffe30c9038d301897",
                "sha256:62214d2954377fcf3f31ec867dd4e436df80121e7a32947a0b3244f58f45e455",
                "sha256:7be1b88c23cfac46e06404582215a917017cd2edaa2e4d40abe6aaff5458f24b",
                "sha256:8fac72b9688176922f9f54fda1ba5f7ffd28cbeb9aad282760186e8ceba9139a",
                "sha256:90a297330f608adeb4d2e9786c6fda395d3150739deb3d42a86d9a4c2d15bc1d",
                "sha256:a2a47449093dcf70babc930beba2ca0423cb7df2fa5fd76be5260703d67fa574",
                "sha256:ae19ac105cf7ce8c205a46166992fdec88081d6e783ab6e38ecfbe45729f3c39",
                "sha256:ae426e3a52842c6b6d77d00f906b6031c8c2cfdfabd6af7511bb4bc9a68d720e",
                "sha256:cbdb0b3db99dd1d5f69d31b4234367d55475add31df4d84a3bd690ef017b55e2",
                "sha256:cdf24c1b9bbeb4936456b42ac5bd32c60bb194a344951acb6bfb0cddee5439a4",
                "sha256:d14701a12417930392cd3898e9646cf5670c190b933625ebe7511b1f7d7b8736",
                "sha256:d177fe1ff47cc235942d628d41ee5b1c6930d8f009f1a451c39b5411e8d0d4cf",
                "sha256:d5bf9c863ba4717b3917b5227463ee06860fc43931dc9026747de416c0a10fee",
                "sha256:dd968a174aa82f3341a615a033fa6a8169e9320cbb46130686562db132d7f1f0",
                "sha256:f0ed4483c258fb23150e31b91ea7d25ff8495dba108aea0b0d4206a777705350",
                "sha256:f18c3ed484eeeaa43a0d45dc2efb4d00fc6542ccdcfa2c45d7b635096a2ae534",
                "sha256:f1d2108e770907540b5248977e4cff9ffaf0f73d0d13445ee938df06ca7579c6",
                "sha256:f3ec00f023d84526381ad0c0f2cff982852d035c921bbf8ceb994f4886c00c64",
                "sha256:f74429a07fedb36a03c159332b914e6de757176064f9fed94b5f79ebac07d913",
                "sha256:fec42690a2eb646b384eafb021c425fab48991587edb412d4db77acc358b27ce"
            ],
            "version": "==0.24.2"
        },
        "scipy": {
            "hashes": [
                "sha256:01b38dec7e9f897d4db04f8de4e20f0f5be3feac98468188a0f47a991b796055",
                "sha256:10dbcc7de03b8d635a1031cb18fd3eaa997969b64fdf78f99f19ac163a825445",
                "sha256:19aeac1ad3e57338723f4657ac8520f41714804568f2e30bd547d684d72c392e",
                "sha256:1b21c6e0dc97b1762590b70dee0daddb291271be0580384d39f02c480b78290a",
                "sha256:1caade0ede6967cc675e235c41451f9fb89ae34319ddf4740194094ab736b88d",
                "sha256:23995dfcf269ec3735e5a8c80cfceaf384369a47699df111a6246b83a55da582",
                "sha256:2a799714bf1f791fb2650d73222b248d18d53fd40d6af2df2c898db048189606",
                "sha256:3274ce145b5dc416c49c0cf8b6119f787f0965cd35e22058fe1932c09fe15d77",
                "sha256:33d1677d46111cfa1c84b87472a0274dde9ef4a7ef2e1f155f012f5f1e995d8f",
                "sha256:44d452850f77e65e25b1eb1ac01e25770323a782bfe3a1a3e43847ad4266d93d",
                "sha256:9e3302149a369697c6aaea18b430b216e3c88f9a61b62869f6104881e5f9ef85",
                "sha256:a75b014d3294fce26852a9d04ea27b5671d86736beb34acdfc05859246260707",
                "sha256:ad7269254de06743fb4768f658753de47d8b54e4672c5ebe8612a007a088bd48",
                "sha256:b30280fbc1fd8082ac822994a98632111810311a9ece71a0e48f739df3c555a2",
                "sha256:b79104878003487e2b4639a20b9092b02e1bad07fc4cf924b495cf413748a777",
                "sha256:d449d40e830366b4c612692ad19fbebb722b6b847f78a7b701b1e0d6cda3cc13",
                "sha256:d647757373985207af3343301d89fe738d5a294435a4f2aafb04c13b4388c896",
                "sha256:f68eb46b86b2c246af99fcaa6f6e37c7a7a413e1084a794990b877f2ff71f7b6",
                "sha256:fdf606341cd798530b05705c87779606fcdfaf768a8129c348ea94441da15b04"
            ],
            "version": "==1.6.3"
        },
        "shapely": {
            "hashes": [
                "sha256:0fd0f2b3f8e84044cf587033d233f12fde5c826f17bb78430a393f5574f6840f",
                "sha256:45fb2083fd3f88e168a6482c253f97726e7b986cc4431818de398623b3c22b5e",
                "sha256:80f331b83e102d343ebcae00f615b996d2eaeee698d9b4249cbc1c7b6263014e",
                "sha256:90c4aeeeb2501e2f35a0488fe9a87508270fa0870f3420d27417d65ee3f92053",
                "sha256:91f439c2906691333552810916ba6e0d6777c49f6cccde07fa49378931c83813",
                "sha256:a3357006dec5e5cbf0d5919cd07fa60d93f16b917765a3a531f5f8f60b5ed694",
                "sha256:a748ab74c187060264e7ce838aaac30eead2a791bbea8cc3ab1dfc3cc0b4d067",
                "sha256:bb9d08fe2fe7af5c7de819a8349ddd1cad50ae15d1da493e326c4f35c6feaceb",
                "sha256:e4ba548e44e134762e4cc4ac9d44d38fbb4bb66a8319ebbf36a80befa3dc0d70"
            ],
            "version": "==1.8a1"
        },
        "six": {
            "hashes": [
                "sha256:1e61c37477a1626458e36f7b1d82aa5c9b094fa4802892072e49de9c60c4c926",
                "sha256:8abb2f1d86890a2dfb989f9a77cfcfd3e47c2a354b01111771326f8aa26e0254"
            ],
            "version": "==1.16.0"
        },
        "threadpoolctl": {
            "hashes": [
                "sha256:38b74ca20ff3bb42caca8b00055111d74159ee95c4370882bbff2b93d24da725",
                "sha256:ddc57c96a38beb63db45d6c159b5ab07b6bced12c45a1f07b2b92f272aebfa6b"
            ],
            "version": "==2.1.0"
        },
        "wcwidth": {
            "hashes": [
                "sha256:beb4802a9cebb9144e99086eff703a642a13d6a0052920003a230f3294bbe784",
                "sha256:c4d647b99872929fdb7bdcaa4fbe7f01413ed3d98077df798530e5b04f116c83"
            ],
            "version": "==0.2.5"
        }
    }
}
