{
    "_meta": {
        "hash": {
            "sha256": "758545a5dd159c87d1b7c23008171ed6afeff73d769a6a66a848d6c21ce2fff1"
        },
        "pipfile-spec": 6,
        "requires": {
            "python_version": "3.8"
        },
        "sources": [
            {
                "name": "pypi",
                "url": "https://pypi.org/simple",
                "verify_ssl": true
            }
        ]
    },
    "default": {
        "certifi": {
            "hashes": [
                "sha256:1a4995114262bffbc2413b159f2a1a480c969de6e6eb13ee966d470af86af59c",
                "sha256:719a74fb9e33b9bd44cc7f3a8d94bc35e4049deebe19ba7d8e108280cfd59830"
            ],
            "version": "==2020.12.5"
        },
        "chardet": {
            "hashes": [
                "sha256:0d6f53a15db4120f2b08c94f11e7d93d2c911ee118b6b30a04ec3ee8310179fa",
                "sha256:f864054d66fd9118f2e67044ac8981a54775ec5b67aed0441892edb553d21da5"
            ],
            "version": "==4.0.0"
        },
        "idna": {
            "hashes": [
                "sha256:b307872f855b18632ce0c21c5e45be78c0ea7ae4c15c828c20788b26921eb3f6",
                "sha256:b97d804b1e9b523befed77c48dacec60e6dcb0b5391d57af6a65a312a90648c0"
            ],
            "version": "==2.10"
        },
        "lol-dto": {
            "hashes": [
                "sha256:3216598c99a23e8e9b82f87beb4117e013f286dc12bbb25b54fd45116b4cf1b8"
            ],
            "index": "pypi",
            "version": "==0.1a4"
        },
        "lol-id-tools": {
            "hashes": [
                "sha256:abd91b38c123cf4daa44b79d58d050c68b8925fc9e1376fd6b0f43f143d1fba2"
            ],
            "index": "pypi",
            "version": "==1.5.0"
        },
        "rapidfuzz": {
            "hashes": [
                "sha256:0ec346f271e96c485716c091c8b0b78ba52da33f7c6ebb52a349d64094566c2d",
                "sha256:1430dc745476e3798742ad835f61f6e6bf5d3e9a22cf9cd0288b28b7440a9872",
                "sha256:1897d2ef03f5b51bc19bdb2d0398ae968766750fa319843733f0a8f12ddde986",
                "sha256:1d20311da611c8f4638a09e2bc5e04b327bae010cb265ef9628d9c13c6d5da7b",
                "sha256:21300c4d048798985c271a8bf1ed1611902ebd4479fcacda1a3eaaebbad2f744",
                "sha256:2278001924031d9d75f821bff2c5fef565c8376f252562e04d8eec8857475c36",
                "sha256:26ac4bfe564c516e053fc055f1543d2b2433338806738c7582e1f75ed0485f7e",
                "sha256:26b7f48b3ddd9d97cf8482a88f0f6cba47ac13ff16e63386ea7ce06178174770",
                "sha256:27f9eef48e212d73e78f0f5ceedc62180b68f6a25fa0752d2ccfaedc3a840bec",
                "sha256:2963f356c70b710dc6337b012ec976ce2fc2b81c2a9918a686838fead6eb4e1d",
                "sha256:2cccc84e1f0c6217747c09cafe93164e57d3644e18a334845a2dfbdd2073cd2c",
                "sha256:31e99216e2a04aec4f281d472b28a683921f1f669a429cf605d11526623eaeed",
                "sha256:3b485c98ad1ce3c04556f65aaab5d6d6d72121cde656d43505169c71ae956476",
                "sha256:3c94b6d3513c693f253ff762112cc4580d3bd377e4abacb96af31a3d606fbe14",
                "sha256:4364db793ed4b439f9dd28a335bee14e2a828283d3b93c2d2686cc645eeafdd5",
                "sha256:4990698233e7eda7face7c09f5874a09760c7524686045cbb10317e3a7f3225f",
                "sha256:4fa195ea9ca35bacfa2a4319c6d4ab03aa6a283ad2089b70d2dfa0f6a7d9c1bc",
                "sha256:506d50a066451502ee2f8bf016bc3ba3e3b04eede7a4059d7956248e2dd96179",
                "sha256:5208ce1b1989a10e6fc5b5ef5d0bb7d1ffe5408838f3106abde241aff4dab08c",
                "sha256:56a67a5b3f783e9af73940f6945366408b3a2060fc6ab18466e5a2894fd85617",
                "sha256:59db06356eaf22c83f44b0dded964736cbb137291cdf2cf7b4974c0983b94932",
                "sha256:5fa8570720b0fdfc52f24f5663d66c52ea88ba19cb8b1ff6a39a8bc0b925b33b",
                "sha256:61167f989415e701ac379de247e6b0a21ea62afc86c54d8a79f485b4f0173c02",
                "sha256:62c1f4ac20c8019ce8d481fb27235306ef3912a8d0b9a60b17905699f43ff072",
                "sha256:645cfb9456229f0bd5752b3eda69f221d825fbb8cbb8855433516bc185111506",
                "sha256:6e336cfd8103b0b38e107e01502e9d6bf7c7f04e49b970fb11a4bf6c7a932b94",
                "sha256:72878878d6744883605b5453c382361716887e9e552f677922f76d93d622d8cb",
                "sha256:7d8c186e8270e103d339b26ef498581cf3178470ccf238dfd5fd0e47d80e4c7d",
                "sha256:80b375098658bb3db14215a975d354f6573d3943ac2ae0c4627c7760d57ce075",
                "sha256:8427310ea29ce2968e1c6f6779ae5a458b3a4984f9150fc4d16f92b96456f848",
                "sha256:8cb5c2502ff06028a1468bdf61323b53cc3a37f54b5d62d62c5371795b81086a",
                "sha256:9246b9c5c8992a83a08ac7813c8bbff2e674ad0b681f9b3fb1ec7641eff6c21f",
                "sha256:a87e212855b18a951e79ec71d71dbd856d98cd2019d0c2bd46ec30688a8aa68a",
                "sha256:a89d11f3b5da35fdf3e839186203b9367d56e2be792e8dccb098f47634ec6eb9",
                "sha256:ba8f7cbd8fdbd3ae115f4484888f3cb94bc2ac7cbd4eb1ca95a3d4f874261ff8",
                "sha256:bb16a10b40f5bd3c645f7748fbd36f49699a03f550c010a2c665905cc8937de8",
                "sha256:bdec9ae5fd8a8d4d8813b4aac3505c027b922b4033a32a7aab66a9b2f03a7b47",
                "sha256:bf18614f87fe3bfff783f0a3d0fad0eb59c92391e52555976e55570a651d2330",
                "sha256:c07f301fd549b266410654850c6918318d7dcde8201350e9ac0819f0542cf147",
                "sha256:c13cd1e840aa93639ac1d131fbfa740a609fd20dfc2a462d5cd7bce747a2398d",
                "sha256:c200bd813bbd3b146ba0fd284a9ad314bbad9d95ed542813273bdb9d0ee4e796",
                "sha256:c28be57c9bc47b3d7f484340fab1bec8ed4393dee1090892c2774a4584435eb8",
                "sha256:c43ddb354abd00e56f024ce80affb3023fa23206239bb81916d5877cba7f2d1e",
                "sha256:c798c5b87efe8a7e63f408e07ff3bc03ba8b94f4498a89b48eaab3a9f439d52c",
                "sha256:d2659967c6ac74211a87a1109e79253e4bc179641057c64800ef4e2dc0534fdb",
                "sha256:d7881965e428cf6fe248d6e702e6d5857da02278ab9b21313bee717c080e443e",
                "sha256:de20550178376d21bfe1b34a7dc42ab107bb282ef82069cf6dfe2805a0029e26",
                "sha256:e1fc4fd219057f5f1fa40bb9bc5e880f8ef45bf19350d4f5f15ca2ce7f61c99b",
                "sha256:ed708620b23a09ac52eaaec0761943c1bbc9a62d19ecd2feb4da8c3f79ef9d37",
                "sha256:f2033e3d61d1e498f618123b54dc7436d50510b0d18fd678d867720e8d7b2f23",
                "sha256:f22bf7ba6eddd59764457f74c637ab5c3ed976c5fcfaf827e1d320cc0478e12b",
                "sha256:f35c8a4c690447fd335bfd77df4da42dfea37cfa06a8ecbf22543d86dc720e12",
                "sha256:f37f80c1541d6e0a30547261900086b8c0bac519ebc12c9cd6b61a9a43a7e195",
                "sha256:f58c17f7a82b1bcc2ce304942cae14287223e6b6eead7071241273da7d9b9770",
                "sha256:f5d396b64f8ae3a793633911a1fb5d634ac25bf8f13d440139fa729131be42d8",
                "sha256:f76c965f15861ec4d39e904bd65b84a39121334439ac17bfb8b900d1e6779a93",
                "sha256:f8c79cd11b4778d387366a59aa747f5268433f9d68be37b00d16f4fb08fdf850",
                "sha256:f9f35df5dd9b02669ff6b1d4a386607ff56982c86a7e57d95eb08c6afbab4ddd",
                "sha256:fa4c8b6fc7e93e3a3fb9be9566f1fe7ef920735eadcee248a0d70f3ca8941341",
                "sha256:fc668fd706ad1162ce14f26ca2957b4690d47770d23609756536c918a855ced0",
                "sha256:fef95249af9a535854b617a68788c38cd96308d97ee14d44bc598cc73e986167"
            ],
            "version": "==1.4.1"
        },
        "requests": {
            "hashes": [
                "sha256:27973dd4a904a4f13b263a19c866c13b92a39ed1c964655f025f3f8d3d75b804",
                "sha256:c210084e36a42ae6b9219e00e48287def368a26d03a048ddad7bfee44f75871e"
            ],
            "version": "==2.25.1"
        },
        "riotwatcher": {
            "hashes": [
                "sha256:bf8b8eb7e13c794730c18cd7846513cf22295a068204433117ce4d83a25b0fd2",
                "sha256:f00346692cd05c82450d7cfbdbf94e0de9553179daf612d08d1ffb163a091945"
            ],
            "index": "pypi",
            "version": "==3.0.0"
        },
        "urllib3": {
            "hashes": [
                "sha256:2f4da4594db7e1e110a944bb1b551fdf4e6c136ad42e4234131391e21eb5b0df",
                "sha256:e7b021f7241115872f92f43c6508082facffbd1c048e3c6e2bb9c2a157e28937"
            ],
            "version": "==1.26.4"
        }
    },
    "develop": {
        "attrs": {
            "hashes": [
                "sha256:31b2eced602aa8423c2aea9c76a724617ed67cf9513173fd3a4f03e3a929c7e6",
                "sha256:832aa3cde19744e49938b91fea06d69ecb9e649c93ba974535d08ad92164f700"
            ],
            "version": "==20.3.0"
        },
        "joblib": {
            "hashes": [
                "sha256:9c17567692206d2f3fb9ecf5e991084254fe631665c450b443761c4186a613f7",
                "sha256:feeb1ec69c4d45129954f1b7034954241eedfd6ba39b5e9e4b6883be3332d5e5"
            ],
            "version": "==1.0.1"
        },
        "more-itertools": {
            "hashes": [
                "sha256:5652a9ac72209ed7df8d9c15daf4e1aa0e3d2ccd3c87f8265a0673cd9cbc9ced",
                "sha256:c5d6da9ca3ff65220c3bfd2a8db06d698f05d4d2b9be57e1deb2be5a45019713"
            ],
            "version": "==8.7.0"
        },
        "numpy": {
            "hashes": [
                "sha256:2428b109306075d89d21135bdd6b785f132a1f5a3260c371cee1fae427e12727",
                "sha256:377751954da04d4a6950191b20539066b4e19e3b559d4695399c5e8e3e683bf6",
                "sha256:4703b9e937df83f5b6b7447ca5912b5f5f297aba45f91dbbbc63ff9278c7aa98",
                "sha256:471c0571d0895c68da309dacee4e95a0811d0a9f9f532a48dc1bea5f3b7ad2b7",
                "sha256:61d5b4cf73622e4d0c6b83408a16631b670fc045afd6540679aa35591a17fe6d",
                "sha256:6c915ee7dba1071554e70a3664a839fbc033e1d6528199d4621eeaaa5487ccd2",
                "sha256:6e51e417d9ae2e7848314994e6fc3832c9d426abce9328cf7571eefceb43e6c9",
                "sha256:719656636c48be22c23641859ff2419b27b6bdf844b36a2447cb39caceb00935",
                "sha256:780ae5284cb770ade51d4b4a7dce4faa554eb1d88a56d0e8b9f35fca9b0270ff",
                "sha256:878922bf5ad7550aa044aa9301d417e2d3ae50f0f577de92051d739ac6096cee",
                "sha256:924dc3f83de20437de95a73516f36e09918e9c9c18d5eac520062c49191025fb",
                "sha256:97ce8b8ace7d3b9288d88177e66ee75480fb79b9cf745e91ecfe65d91a856042",
                "sha256:9c0fab855ae790ca74b27e55240fe4f2a36a364a3f1ebcfd1fb5ac4088f1cec3",
                "sha256:9cab23439eb1ebfed1aaec9cd42b7dc50fc96d5cd3147da348d9161f0501ada5",
                "sha256:a8e6859913ec8eeef3dbe9aed3bf475347642d1cdd6217c30f28dee8903528e6",
                "sha256:aa046527c04688af680217fffac61eec2350ef3f3d7320c07fd33f5c6e7b4d5f",
                "sha256:abc81829c4039e7e4c30f7897938fa5d4916a09c2c7eb9b244b7a35ddc9656f4",
                "sha256:bad70051de2c50b1a6259a6df1daaafe8c480ca98132da98976d8591c412e737",
                "sha256:c73a7975d77f15f7f68dacfb2bca3d3f479f158313642e8ea9058eea06637931",
                "sha256:d15007f857d6995db15195217afdbddfcd203dfaa0ba6878a2f580eaf810ecd6",
                "sha256:d76061ae5cab49b83a8cf3feacefc2053fac672728802ac137dd8c4123397677",
                "sha256:e8e4fbbb7e7634f263c5b0150a629342cc19b47c5eba8d1cd4363ab3455ab576",
                "sha256:e9459f40244bb02b2f14f6af0cd0732791d72232bbb0dc4bab57ef88e75f6935",
                "sha256:edb1f041a9146dcf02cd7df7187db46ab524b9af2515f392f337c7cbbf5b52cd"
            ],
            "version": "==1.20.2"
        },
        "packaging": {
            "hashes": [
                "sha256:5b327ac1320dc863dca72f4514ecc086f31186744b84a230374cc1fd776feae5",
                "sha256:67714da7f7bc052e064859c05c595155bd1ee9f69f76557e21f051443c20947a"
            ],
            "version": "==20.9"
        },
        "pandas": {
            "hashes": [
                "sha256:167693a80abc8eb28051fbd184c1b7afd13ce2c727a5af47b048f1ea3afefff4",
                "sha256:2111c25e69fa9365ba80bbf4f959400054b2771ac5d041ed19415a8b488dc70a",
                "sha256:298f0553fd3ba8e002c4070a723a59cdb28eda579f3e243bc2ee397773f5398b",
                "sha256:2b063d41803b6a19703b845609c0b700913593de067b552a8b24dd8eeb8c9895",
                "sha256:2cb7e8f4f152f27dc93f30b5c7a98f6c748601ea65da359af734dd0cf3fa733f",
                "sha256:52d2472acbb8a56819a87aafdb8b5b6d2b3386e15c95bde56b281882529a7ded",
                "sha256:612add929bf3ba9d27b436cc8853f5acc337242d6b584203f207e364bb46cb12",
                "sha256:649ecab692fade3cbfcf967ff936496b0cfba0af00a55dfaacd82bdda5cb2279",
                "sha256:68d7baa80c74aaacbed597265ca2308f017859123231542ff8a5266d489e1858",
                "sha256:8d4c74177c26aadcfb4fd1de6c1c43c2bf822b3e0fc7a9b409eeaf84b3e92aaa",
                "sha256:971e2a414fce20cc5331fe791153513d076814d30a60cd7348466943e6e909e4",
                "sha256:9db70ffa8b280bb4de83f9739d514cd0735825e79eef3a61d312420b9f16b758",
                "sha256:b730add5267f873b3383c18cac4df2527ac4f0f0eed1c6cf37fcb437e25cf558",
                "sha256:bd659c11a4578af740782288cac141a322057a2e36920016e0fc7b25c5a4b686",
                "sha256:c601c6fdebc729df4438ec1f62275d6136a0dd14d332fc0e8ce3f7d2aadb4dd6",
                "sha256:d0877407359811f7b853b548a614aacd7dea83b0c0c84620a9a643f180060950"
            ],
            "version": "==1.2.4"
        },
        "pluggy": {
            "hashes": [
                "sha256:15b2acde666561e1298d71b523007ed7364de07029219b604cf808bfa1c765b0",
                "sha256:966c145cd83c96502c3c3868f50408687b38434af77734af1e9ca461a4081d2d"
            ],
            "version": "==0.13.1"
        },
        "py": {
            "hashes": [
                "sha256:21b81bda15b66ef5e1a777a21c4dcd9c20ad3efd0b3f817e7a809035269e1bd3",
                "sha256:3b80836aa6d1feeaa108e046da6423ab8f6ceda6468545ae8d02d9d58d18818a"
            ],
            "index": "pypi",
            "version": "==1.10.0"
        },
        "pyparsing": {
            "hashes": [
                "sha256:1c6409312ce2ce2997896af5756753778d5f1603666dba5587804f09ad82ed27",
                "sha256:f4896b4cc085a1f8f8ae53a1a90db5a86b3825ff73eb974dffee3d9e701007f4"
            ],
            "version": "==3.0.0b2"
        },
        "pytest": {
            "hashes": [
                "sha256:5c0db86b698e8f170ba4582a492248919255fcd4c79b1ee64ace34301fb589a1",
                "sha256:7979331bfcba207414f5e1263b5a0f8f521d0f457318836a7355531ed1a4c7d8"
            ],
            "index": "pypi",
            "version": "==5.4.3"
        },
        "python-dateutil": {
            "hashes": [
                "sha256:73ebfe9dbf22e832286dafa60473e4cd239f8592f699aa5adaf10050e6e1823c",
                "sha256:75bb3f31ea686f1197762692a9ee6a7550b59fc6ca3a1f4b5d7e32fb98e2da2a"
            ],
            "version": "==2.8.1"
        },
        "pytz": {
            "hashes": [
                "sha256:83a4a90894bf38e243cf052c8b58f381bfe9a7a483f6a9cab140bc7f702ac4da",
                "sha256:eb10ce3e7736052ed3623d49975ce333bcd712c7bb19a58b9e2089d4057d0798"
            ],
            "version": "==2021.1"
        },
        "roleml": {
            "hashes": [
                "sha256:406c2a12ea62564e88fc091569f5ff7e300b6479024021834106859192073280",
                "sha256:51fa7c2d7c6972005f910cd7aea986e8f57943266d8d3205909325e046fdc9ad"
            ],
            "index": "pypi",
            "version": "==0.1.16"
        },
        "scikit-learn": {
            "hashes": [
                "sha256:0567a2d29ad08af98653300c623bd8477b448fe66ced7198bef4ed195925f082",
                "sha256:087dfede39efb06ab30618f9ab55a0397f29c38d63cd0ab88d12b500b7d65fd7",
                "sha256:1adf483e91007a87171d7ce58c34b058eb5dab01b5fee6052f15841778a8ecd8",
                "sha256:259ec35201e82e2db1ae2496f229e63f46d7f1695ae68eef9350b00dc74ba52f",
                "sha256:3c4f07f47c04e81b134424d53c3f5e16dfd7f494e44fd7584ba9ce9de2c5e6c1",
                "sha256:4562dcf4793e61c5d0f89836d07bc37521c3a1889da8f651e2c326463c4bd697",
                "sha256:4ddd2b6f7449a5d539ff754fa92d75da22de261fd8fdcfb3596799fadf255101",
                "sha256:54be0a60a5a35005ad69c75902e0f5c9f699db4547ead427e97ef881c3242e6f",
                "sha256:5580eba7345a4d3b097be2f067cc71a306c44bab19e8717a30361f279c929bea",
                "sha256:7b04691eb2f41d2c68dbda8d1bd3cb4ef421bdc43aaa56aeb6c762224552dfb6",
                "sha256:826b92bf45b8ad80444814e5f4ac032156dd481e48d7da33d611f8fe96d5f08b",
                "sha256:83b21ff053b1ff1c018a2d24db6dd3ea339b1acfbaa4d9c881731f43748d8b3b",
                "sha256:8772b99d683be8f67fcc04789032f1b949022a0e6880ee7b75a7ec97dbbb5d0b",
                "sha256:895dbf2030aa7337649e36a83a007df3c9811396b4e2fa672a851160f36ce90c",
                "sha256:8aa1b3ac46b80eaa552b637eeadbbce3be5931e4b5002b964698e33a1b589e1e",
                "sha256:9599a3f3bf33f73fed0fe06d1dfa4e6081365a58c1c807acb07271be0dce9733",
                "sha256:99349d77f54e11f962d608d94dfda08f0c9e5720d97132233ebdf35be2858b2d",
                "sha256:9a24d1ccec2a34d4cd3f2a1f86409f3f5954cc23d4d2270ba0d03cf018aa4780",
                "sha256:9bed8a1ef133c8e2f13966a542cb8125eac7f4b67dcd234197c827ba9c7dd3e0",
                "sha256:9c6097b6a9b2bafc5e0f31f659e6ab5e131383209c30c9e978c5b8abdac5ed2a",
                "sha256:9dfa564ef27e8e674aa1cc74378416d580ac4ede1136c13dd555a87996e13422",
                "sha256:a0334a1802e64d656022c3bfab56a73fbd6bf4b1298343f3688af2151810bbdf",
                "sha256:a29460499c1e62b7a830bb57ca42e615375a6ab1bcad053cd25b493588348ea8",
                "sha256:a36e159a0521e13bbe15ca8c8d038b3a1dd4c7dad18d276d76992e03b92cf643",
                "sha256:abe835a851610f87201819cb315f8d554e1a3e8128912783a31e87264ba5ffb7",
                "sha256:c13ebac42236b1c46397162471ea1c46af68413000e28b9309f8c05722c65a09",
                "sha256:c3deb3b19dd9806acf00cf0d400e84562c227723013c33abefbbc3cf906596e9",
                "sha256:c658432d8a20e95398f6bb95ff9731ce9dfa343fdf21eea7ec6a7edfacd4b4d9",
                "sha256:c7f4eb77504ac586d8ac1bde1b0c04b504487210f95297235311a0ab7edd7e38",
                "sha256:d54dbaadeb1425b7d6a66bf44bee2bb2b899fe3e8850b8e94cfb9c904dcb46d0",
                "sha256:ddb52d088889f5596bc4d1de981f2eca106b58243b6679e4782f3ba5096fd645",
                "sha256:ed9d65594948678827f4ff0e7ae23344e2f2b4cabbca057ccaed3118fdc392ca",
                "sha256:fab31f48282ebf54dd69f6663cd2d9800096bad1bb67bbc9c9ac84eb77b41972"
            ],
            "version": "==0.24.1"
        },
        "scipy": {
            "hashes": [
                "sha256:03f1fd3574d544456325dae502facdf5c9f81cbfe12808a5e67a737613b7ba8c",
                "sha256:0c81ea1a95b4c9e0a8424cf9484b7b8fa7ef57169d7bcc0dfcfc23e3d7c81a12",
                "sha256:1fba8a214c89b995e3721670e66f7053da82e7e5d0fe6b31d8e4b19922a9315e",
                "sha256:37f4c2fb904c0ba54163e03993ce3544c9c5cde104bcf90614f17d85bdfbb431",
                "sha256:50e5bcd9d45262725e652611bb104ac0919fd25ecb78c22f5282afabd0b2e189",
                "sha256:6ca1058cb5bd45388041a7c3c11c4b2bd58867ac9db71db912501df77be2c4a4",
                "sha256:77f7a057724545b7e097bfdca5c6006bed8580768cd6621bb1330aedf49afba5",
                "sha256:816951e73d253a41fa2fd5f956f8e8d9ac94148a9a2039e7db56994520582bf2",
                "sha256:96620240b393d155097618bcd6935d7578e85959e55e3105490bbbf2f594c7ad",
                "sha256:993c86513272bc84c451349b10ee4376652ab21f312b0554fdee831d593b6c02",
                "sha256:adf7cee8e5c92b05f2252af498f77c7214a2296d009fc5478fc432c2f8fb953b",
                "sha256:bc52d4d70863141bb7e2f8fd4d98e41d77375606cde50af65f1243ce2d7853e8",
                "sha256:c1d3f771c19af00e1a36f749bd0a0690cc64632783383bc68f77587358feb5a4",
                "sha256:d744657c27c128e357de2f0fd532c09c84cd6e4933e8232895a872e67059ac37",
                "sha256:e3e9742bad925c421d39e699daa8d396c57535582cba90017d17f926b61c1552",
                "sha256:e547f84cd52343ac2d56df0ab08d3e9cc202338e7d09fafe286d6c069ddacb31",
                "sha256:e89091e6a8e211269e23f049473b2fde0c0e5ae0dd5bd276c3fc91b97da83480",
                "sha256:e9da33e21c9bc1b92c20b5328adb13e5f193b924c9b969cd700c8908f315aa59",
                "sha256:ffdfb09315896c6e9ac739bb6e13a19255b698c24e6b28314426fd40a1180822"
            ],
            "version": "==1.6.2"
        },
        "shapely": {
            "hashes": [
                "sha256:0fd0f2b3f8e84044cf587033d233f12fde5c826f17bb78430a393f5574f6840f",
                "sha256:45fb2083fd3f88e168a6482c253f97726e7b986cc4431818de398623b3c22b5e",
                "sha256:80f331b83e102d343ebcae00f615b996d2eaeee698d9b4249cbc1c7b6263014e",
                "sha256:90c4aeeeb2501e2f35a0488fe9a87508270fa0870f3420d27417d65ee3f92053",
                "sha256:91f439c2906691333552810916ba6e0d6777c49f6cccde07fa49378931c83813",
                "sha256:a3357006dec5e5cbf0d5919cd07fa60d93f16b917765a3a531f5f8f60b5ed694",
                "sha256:a748ab74c187060264e7ce838aaac30eead2a791bbea8cc3ab1dfc3cc0b4d067",
                "sha256:bb9d08fe2fe7af5c7de819a8349ddd1cad50ae15d1da493e326c4f35c6feaceb",
                "sha256:e4ba548e44e134762e4cc4ac9d44d38fbb4bb66a8319ebbf36a80befa3dc0d70"
            ],
            "version": "==1.8a1"
        },
        "six": {
            "hashes": [
                "sha256:30639c035cdb23534cd4aa2dd52c3bf48f06e5f4a941509c8bafd8ce11080259",
                "sha256:8b74bedcbbbaca38ff6d7491d76f2b06b3592611af620f8426e82dddb04a5ced"
            ],
            "version": "==1.15.0"
        },
        "threadpoolctl": {
            "hashes": [
                "sha256:38b74ca20ff3bb42caca8b00055111d74159ee95c4370882bbff2b93d24da725",
                "sha256:ddc57c96a38beb63db45d6c159b5ab07b6bced12c45a1f07b2b92f272aebfa6b"
            ],
            "version": "==2.1.0"
        },
        "wcwidth": {
            "hashes": [
                "sha256:beb4802a9cebb9144e99086eff703a642a13d6a0052920003a230f3294bbe784",
                "sha256:c4d647b99872929fdb7bdcaa4fbe7f01413ed3d98077df798530e5b04f116c83"
            ],
            "version": "==0.2.5"
        }
    }
}
