[[package]]
name = "atomicwrites"
version = "1.4.0"
description = "Atomic file writes."
category = "dev"
optional = false
python-versions = ">=2.7, !=3.0.*, !=3.1.*, !=3.2.*, !=3.3.*"

[[package]]
name = "attrs"
version = "21.2.0"
description = "Classes Without Boilerplate"
category = "dev"
optional = false
python-versions = ">=2.7, !=3.0.*, !=3.1.*, !=3.2.*, !=3.3.*, !=3.4.*"

[package.extras]
dev = ["coverage[toml] (>=5.0.2)", "hypothesis", "pympler", "pytest (>=4.3.0)", "six", "mypy", "pytest-mypy-plugins", "zope.interface", "furo", "sphinx", "sphinx-notfound-page", "pre-commit"]
docs = ["furo", "sphinx", "zope.interface", "sphinx-notfound-page"]
tests = ["coverage[toml] (>=5.0.2)", "hypothesis", "pympler", "pytest (>=4.3.0)", "six", "mypy", "pytest-mypy-plugins", "zope.interface"]
tests_no_zope = ["coverage[toml] (>=5.0.2)", "hypothesis", "pympler", "pytest (>=4.3.0)", "six", "mypy", "pytest-mypy-plugins"]

[[package]]
name = "certifi"
version = "2021.5.30"
description = "Python package for providing Mozilla's CA Bundle."
category = "dev"
optional = false
python-versions = "*"

[[package]]
name = "charset-normalizer"
version = "2.0.4"
description = "The Real First Universal Charset Detector. Open, modern and actively maintained alternative to Chardet."
category = "dev"
optional = false
python-versions = ">=3.5.0"

[package.extras]
unicode_backport = ["unicodedata2"]

[[package]]
name = "colorama"
version = "0.4.4"
description = "Cross-platform colored terminal text."
category = "dev"
optional = false
python-versions = ">=2.7, !=3.0.*, !=3.1.*, !=3.2.*, !=3.3.*, !=3.4.*"

[[package]]
name = "idna"
version = "3.2"
description = "Internationalized Domain Names in Applications (IDNA)"
category = "dev"
optional = false
python-versions = ">=3.5"

[[package]]
name = "importlib-metadata"
version = "4.6.4"
description = "Read metadata from Python packages"
category = "dev"
optional = false
python-versions = ">=3.6"

[package.dependencies]
typing-extensions = {version = ">=3.6.4", markers = "python_version < \"3.8\""}
zipp = ">=0.5"

[package.extras]
docs = ["sphinx", "jaraco.packaging (>=8.2)", "rst.linker (>=1.9)"]
perf = ["ipython"]
testing = ["pytest (>=4.6)", "pytest-checkdocs (>=2.4)", "pytest-flake8", "pytest-cov", "pytest-enabler (>=1.0.1)", "packaging", "pep517", "pyfakefs", "flufl.flake8", "pytest-perf (>=0.9.2)", "pytest-black (>=0.3.7)", "pytest-mypy", "importlib-resources (>=1.3)"]

[[package]]
name = "iniconfig"
version = "1.1.1"
description = "iniconfig: brain-dead simple config-ini parsing"
category = "dev"
optional = false
python-versions = "*"

[[package]]
name = "lol-dto"
version = "2.0.0a2"
description = "A unified representation of League of Legends-related information"
category = "main"
optional = false
python-versions = "^3.7"
develop = false

[package.extras]
names = ["lol-id-tools (>=1.7.1,<2.0.0)"]

[package.source]
type = "git"
url = "https://github.com/mrtolkien/lol_dto.git"
reference = "dev/2.0.0"
resolved_reference = "ca47911c04aed3e652d4fe168c939d6955072aed"

[[package]]
name = "lol-id-tools"
version = "1.7.1"
description = "An id tool for League of Legends with fuzzy string matching, nicknames, multiple locales, automatic updates, and translation."
category = "dev"
optional = false
python-versions = "*"

[package.dependencies]
rapidfuzz = ">=0.14"
requests = "*"

[[package]]
name = "packaging"
version = "21.0"
description = "Core utilities for Python packages"
category = "dev"
optional = false
python-versions = ">=3.6"

[package.dependencies]
pyparsing = ">=2.0.2"

[[package]]
name = "pluggy"
version = "0.13.1"
description = "plugin and hook calling mechanisms for python"
category = "dev"
optional = false
python-versions = ">=2.7, !=3.0.*, !=3.1.*, !=3.2.*, !=3.3.*"

[package.dependencies]
importlib-metadata = {version = ">=0.12", markers = "python_version < \"3.8\""}

[package.extras]
dev = ["pre-commit", "tox"]

[[package]]
name = "py"
version = "1.10.0"
description = "library with cross-python path, ini-parsing, io, code, log facilities"
category = "dev"
optional = false
python-versions = ">=2.7, !=3.0.*, !=3.1.*, !=3.2.*, !=3.3.*"

[[package]]
name = "pyparsing"
version = "2.4.7"
description = "Python parsing module"
category = "dev"
optional = false
python-versions = ">=2.6, !=3.0.*, !=3.1.*, !=3.2.*"

[[package]]
name = "pytest"
version = "6.2.4"
description = "pytest: simple powerful testing with Python"
category = "dev"
optional = false
python-versions = ">=3.6"

[package.dependencies]
atomicwrites = {version = ">=1.0", markers = "sys_platform == \"win32\""}
attrs = ">=19.2.0"
colorama = {version = "*", markers = "sys_platform == \"win32\""}
importlib-metadata = {version = ">=0.12", markers = "python_version < \"3.8\""}
iniconfig = "*"
packaging = "*"
pluggy = ">=0.12,<1.0.0a1"
py = ">=1.8.2"
toml = "*"

[package.extras]
testing = ["argcomplete", "hypothesis (>=3.56)", "mock", "nose", "requests", "xmlschema"]

[[package]]
name = "python-dotenv"
version = "0.19.0"
description = "Read key-value pairs from a .env file and set them as environment variables"
category = "dev"
optional = false
python-versions = ">=3.5"

[package.extras]
cli = ["click (>=5.0)"]

[[package]]
name = "rapidfuzz"
version = "1.5.0"
description = "rapid fuzzy string matching"
category = "dev"
optional = false
python-versions = ">=3.5"

[[package]]
name = "requests"
version = "2.26.0"
description = "Python HTTP for Humans."
category = "dev"
optional = false
python-versions = ">=2.7, !=3.0.*, !=3.1.*, !=3.2.*, !=3.3.*, !=3.4.*, !=3.5.*"

[package.dependencies]
certifi = ">=2017.4.17"
charset-normalizer = {version = ">=2.0.0,<2.1.0", markers = "python_version >= \"3\""}
idna = {version = ">=2.5,<4", markers = "python_version >= \"3\""}
urllib3 = ">=1.21.1,<1.27"

[package.extras]
socks = ["PySocks (>=1.5.6,!=1.5.7)", "win-inet-pton"]
use_chardet_on_py3 = ["chardet (>=3.0.2,<5)"]

[[package]]
name = "riotwatcher"
version = "3.1.4"
description = "RiotWatcher is a thin wrapper on top of the Riot Games API for League of Legends."
category = "dev"
optional = false
python-versions = "*"

[package.dependencies]
requests = "*"

[package.extras]
dev = ["coverage", "pre-commit", "pytest", "pytest-cov", "tox"]

[[package]]
name = "toml"
version = "0.10.2"
description = "Python Library for Tom's Obvious, Minimal Language"
category = "dev"
optional = false
python-versions = ">=2.6, !=3.0.*, !=3.1.*, !=3.2.*"

[[package]]
name = "typing-extensions"
version = "3.10.0.0"
description = "Backported and Experimental Type Hints for Python 3.5+"
category = "dev"
optional = false
python-versions = "*"

[[package]]
name = "urllib3"
version = "1.26.6"
description = "HTTP library with thread-safe connection pooling, file post, and more."
category = "dev"
optional = false
python-versions = ">=2.7, !=3.0.*, !=3.1.*, !=3.2.*, !=3.3.*, !=3.4.*, <4"

[package.extras]
brotli = ["brotlipy (>=0.6.0)"]
secure = ["pyOpenSSL (>=0.14)", "cryptography (>=1.3.4)", "idna (>=2.0.0)", "certifi", "ipaddress"]
socks = ["PySocks (>=1.5.6,!=1.5.7,<2.0)"]

[[package]]
name = "zipp"
version = "3.5.0"
description = "Backport of pathlib-compatible object wrapper for zip files"
category = "dev"
optional = false
python-versions = ">=3.6"

[package.extras]
docs = ["sphinx", "jaraco.packaging (>=8.2)", "rst.linker (>=1.9)"]
testing = ["pytest (>=4.6)", "pytest-checkdocs (>=2.4)", "pytest-flake8", "pytest-cov", "pytest-enabler (>=1.0.1)", "jaraco.itertools", "func-timeout", "pytest-black (>=0.3.7)", "pytest-mypy"]

[metadata]
lock-version = "1.1"
python-versions = "^3.7"
content-hash = "d66fc6d6b9748d405ad355774d5f9d6218c0d9dcc61161c3b035e1d61f09df86"

[metadata.files]
atomicwrites = [
    {file = "atomicwrites-1.4.0-py2.py3-none-any.whl", hash = "sha256:6d1784dea7c0c8d4a5172b6c620f40b6e4cbfdf96d783691f2e1302a7b88e197"},
    {file = "atomicwrites-1.4.0.tar.gz", hash = "sha256:ae70396ad1a434f9c7046fd2dd196fc04b12f9e91ffb859164193be8b6168a7a"},
]
attrs = [
    {file = "attrs-21.2.0-py2.py3-none-any.whl", hash = "sha256:149e90d6d8ac20db7a955ad60cf0e6881a3f20d37096140088356da6c716b0b1"},
    {file = "attrs-21.2.0.tar.gz", hash = "sha256:ef6aaac3ca6cd92904cdd0d83f629a15f18053ec84e6432106f7a4d04ae4f5fb"},
]
certifi = [
    {file = "certifi-2021.5.30-py2.py3-none-any.whl", hash = "sha256:50b1e4f8446b06f41be7dd6338db18e0990601dce795c2b1686458aa7e8fa7d8"},
    {file = "certifi-2021.5.30.tar.gz", hash = "sha256:2bbf76fd432960138b3ef6dda3dde0544f27cbf8546c458e60baf371917ba9ee"},
]
charset-normalizer = [
    {file = "charset-normalizer-2.0.4.tar.gz", hash = "sha256:f23667ebe1084be45f6ae0538e4a5a865206544097e4e8bbcacf42cd02a348f3"},
    {file = "charset_normalizer-2.0.4-py3-none-any.whl", hash = "sha256:0c8911edd15d19223366a194a513099a302055a962bca2cec0f54b8b63175d8b"},
]
colorama = [
    {file = "colorama-0.4.4-py2.py3-none-any.whl", hash = "sha256:9f47eda37229f68eee03b24b9748937c7dc3868f906e8ba69fbcbdd3bc5dc3e2"},
    {file = "colorama-0.4.4.tar.gz", hash = "sha256:5941b2b48a20143d2267e95b1c2a7603ce057ee39fd88e7329b0c292aa16869b"},
]
idna = [
    {file = "idna-3.2-py3-none-any.whl", hash = "sha256:14475042e284991034cb48e06f6851428fb14c4dc953acd9be9a5e95c7b6dd7a"},
    {file = "idna-3.2.tar.gz", hash = "sha256:467fbad99067910785144ce333826c71fb0e63a425657295239737f7ecd125f3"},
]
importlib-metadata = [
    {file = "importlib_metadata-4.6.4-py3-none-any.whl", hash = "sha256:ed5157fef23a4bc4594615a0dd8eba94b2bb36bf2a343fa3d8bb2fa0a62a99d5"},
    {file = "importlib_metadata-4.6.4.tar.gz", hash = "sha256:7b30a78db2922d78a6f47fb30683156a14f3c6aa5cc23f77cc8967e9ab2d002f"},
]
iniconfig = [
    {file = "iniconfig-1.1.1-py2.py3-none-any.whl", hash = "sha256:011e24c64b7f47f6ebd835bb12a743f2fbe9a26d4cecaa7f53bc4f35ee9da8b3"},
    {file = "iniconfig-1.1.1.tar.gz", hash = "sha256:bc3af051d7d14b2ee5ef9969666def0cd1a000e121eaea580d4a313df4b37f32"},
]
lol-dto = []
lol-id-tools = [
    {file = "lol_id_tools-1.7.1.tar.gz", hash = "sha256:4ab9367151022004ef712aeca74f80ab3dada626077f46f6626e6b4c8b82e409"},
]
packaging = [
    {file = "packaging-21.0-py3-none-any.whl", hash = "sha256:c86254f9220d55e31cc94d69bade760f0847da8000def4dfe1c6b872fd14ff14"},
    {file = "packaging-21.0.tar.gz", hash = "sha256:7dc96269f53a4ccec5c0670940a4281106dd0bb343f47b7471f779df49c2fbe7"},
]
pluggy = [
    {file = "pluggy-0.13.1-py2.py3-none-any.whl", hash = "sha256:966c145cd83c96502c3c3868f50408687b38434af77734af1e9ca461a4081d2d"},
    {file = "pluggy-0.13.1.tar.gz", hash = "sha256:15b2acde666561e1298d71b523007ed7364de07029219b604cf808bfa1c765b0"},
]
py = [
    {file = "py-1.10.0-py2.py3-none-any.whl", hash = "sha256:3b80836aa6d1feeaa108e046da6423ab8f6ceda6468545ae8d02d9d58d18818a"},
    {file = "py-1.10.0.tar.gz", hash = "sha256:21b81bda15b66ef5e1a777a21c4dcd9c20ad3efd0b3f817e7a809035269e1bd3"},
]
pyparsing = [
    {file = "pyparsing-2.4.7-py2.py3-none-any.whl", hash = "sha256:ef9d7589ef3c200abe66653d3f1ab1033c3c419ae9b9bdb1240a85b024efc88b"},
    {file = "pyparsing-2.4.7.tar.gz", hash = "sha256:c203ec8783bf771a155b207279b9bccb8dea02d8f0c9e5f8ead507bc3246ecc1"},
]
pytest = [
    {file = "pytest-6.2.4-py3-none-any.whl", hash = "sha256:91ef2131a9bd6be8f76f1f08eac5c5317221d6ad1e143ae03894b862e8976890"},
    {file = "pytest-6.2.4.tar.gz", hash = "sha256:50bcad0a0b9c5a72c8e4e7c9855a3ad496ca6a881a3641b4260605450772c54b"},
]
python-dotenv = [
    {file = "python-dotenv-0.19.0.tar.gz", hash = "sha256:f521bc2ac9a8e03c736f62911605c5d83970021e3fa95b37d769e2bbbe9b6172"},
    {file = "python_dotenv-0.19.0-py2.py3-none-any.whl", hash = "sha256:aae25dc1ebe97c420f50b81fb0e5c949659af713f31fdb63c749ca68748f34b1"},
]
rapidfuzz = [
    {file = "rapidfuzz-1.5.0-cp35-cp35m-macosx_10_9_x86_64.whl", hash = "sha256:670a330e90e962de5823e01e8ae1b8903af788325fbce1ef3fd5ece4d22e0ba4"},
    {file = "rapidfuzz-1.5.0-cp35-cp35m-manylinux1_i686.whl", hash = "sha256:079afafa6e6b00ee799e16d9fc6c6522132cbd7742a7a9e78bd301321e1b5ad6"},
    {file = "rapidfuzz-1.5.0-cp35-cp35m-manylinux1_x86_64.whl", hash = "sha256:26cb066e79c9867d313450514bb70124d392ac457640c4ec090d29eb68b75541"},
    {file = "rapidfuzz-1.5.0-cp35-cp35m-manylinux2010_i686.whl", hash = "sha256:542fbe8fb4403af36bfffd53e42cb1ff3f8d969a046208373d004804072b744c"},
    {file = "rapidfuzz-1.5.0-cp35-cp35m-manylinux2010_x86_64.whl", hash = "sha256:407a5c4d2af813e803b828b004f8686300baf298e9bf90b3388a568b1637a8dc"},
    {file = "rapidfuzz-1.5.0-cp35-cp35m-manylinux2014_aarch64.whl", hash = "sha256:662b4021951ac9edb9a0d026820529e891cea69c11f280188c5b80fefe6ee257"},
    {file = "rapidfuzz-1.5.0-cp35-cp35m-manylinux2014_ppc64le.whl", hash = "sha256:03c97beb1c7ce5cb1d12bbb8eb87777e9a5fad23216dab78d6850cafdd3ecaf1"},
    {file = "rapidfuzz-1.5.0-cp35-cp35m-manylinux2014_s390x.whl", hash = "sha256:eaafa0349d47850ed2c3ae121b62e078a63daf1d533b1cd43fca0c675a85a025"},
    {file = "rapidfuzz-1.5.0-cp35-cp35m-win32.whl", hash = "sha256:f0b7e15209208ee74bc264b97e111a3c73e19336eda7255c406e56cc6fbbd384"},
    {file = "rapidfuzz-1.5.0-cp35-cp35m-win_amd64.whl", hash = "sha256:0679af3d85082dcb27e75ea30c5047dbcc99340f38490c7d4769ae16909c246a"},
    {file = "rapidfuzz-1.5.0-cp36-cp36m-macosx_10_9_x86_64.whl", hash = "sha256:3a3ef319fd1162e7e38bf11259d86fc6ea3885d2abae6359e5b4dafad62592db"},
    {file = "rapidfuzz-1.5.0-cp36-cp36m-manylinux1_i686.whl", hash = "sha256:60ea1cee33a5a847aeac91a35865c6f7f35a87613df282bda2e7f984e91526f5"},
    {file = "rapidfuzz-1.5.0-cp36-cp36m-manylinux1_x86_64.whl", hash = "sha256:2ba6ffe8ac66dbeae91a0b2cb50f4836ec16920f58746eaf46ff3e9c4f9c0ad8"},
    {file = "rapidfuzz-1.5.0-cp36-cp36m-manylinux2010_i686.whl", hash = "sha256:7c101bafb27436affcaa14c631e2bf99d6a7a7860a201ce17ee98447c9c0e7f4"},
    {file = "rapidfuzz-1.5.0-cp36-cp36m-manylinux2010_x86_64.whl", hash = "sha256:a8f3f374b4e8e80516b955a1da6364c526d480311a5c6be48264cf7dc06d2fba"},
    {file = "rapidfuzz-1.5.0-cp36-cp36m-manylinux2014_aarch64.whl", hash = "sha256:f2fe161526cce52eae224c2af9ae1b9c475ae3e1001fe76024603b290bc8f719"},
    {file = "rapidfuzz-1.5.0-cp36-cp36m-manylinux2014_ppc64le.whl", hash = "sha256:8b086b2f70571c9bf16ead5f65976414f8e75a1c680220a839b8ddf005743060"},
    {file = "rapidfuzz-1.5.0-cp36-cp36m-manylinux2014_s390x.whl", hash = "sha256:814cd474c31db0383c69eed5b457571f63521f38829955c842b141b4835f067f"},
    {file = "rapidfuzz-1.5.0-cp36-cp36m-win32.whl", hash = "sha256:0a901aa223a4b051846cb828c33967a6f9c66b8fe0ba7e2a4dc70f6612006988"},
    {file = "rapidfuzz-1.5.0-cp36-cp36m-win_amd64.whl", hash = "sha256:f03a5fa9fe38d7f8d566bff0b66600f488d56700469bf1e5e36078f4b58290b6"},
    {file = "rapidfuzz-1.5.0-cp37-cp37m-macosx_10_9_x86_64.whl", hash = "sha256:122b7c25792eb27ca59ab23623a922a7290d881d296556d0c23da63ed1691cd5"},
    {file = "rapidfuzz-1.5.0-cp37-cp37m-manylinux1_i686.whl", hash = "sha256:73509dbfcf556233d62683aed0e5f23282ec7138eeedc3ecda2938ad8e8c969d"},
    {file = "rapidfuzz-1.5.0-cp37-cp37m-manylinux1_x86_64.whl", hash = "sha256:6e8c4fd87361699e0cf5cf7ff075e4cd70a2698e9f914368f0c3e198c77c755c"},
    {file = "rapidfuzz-1.5.0-cp37-cp37m-manylinux2010_i686.whl", hash = "sha256:d627ec73d324d804af4c95909e2fa30b0e59f7efaf69264e553a0e498034404b"},
    {file = "rapidfuzz-1.5.0-cp37-cp37m-manylinux2010_x86_64.whl", hash = "sha256:c57f3b74942ae0d0869336e613cbd0760de61a462ff441095eb5fca6575cf964"},
    {file = "rapidfuzz-1.5.0-cp37-cp37m-manylinux2014_aarch64.whl", hash = "sha256:075b8bf76dd4bbc9ccb5177806c9867424d365898415433bf88e7b8e88dc4dfe"},
    {file = "rapidfuzz-1.5.0-cp37-cp37m-manylinux2014_ppc64le.whl", hash = "sha256:8049a500b431724d283ddf97d67fe48aa67b4523d617a203c22fd9da3a496223"},
    {file = "rapidfuzz-1.5.0-cp37-cp37m-manylinux2014_s390x.whl", hash = "sha256:a2d84fde07c32514758d283dd1227453db3ed5372a3e9eae85d0c29b2953f252"},
    {file = "rapidfuzz-1.5.0-cp37-cp37m-win32.whl", hash = "sha256:0e35b9b92a955018ebd09d4d9d70f8e81a0106fe1ed04bc82e3a05166cd04ea5"},
    {file = "rapidfuzz-1.5.0-cp37-cp37m-win_amd64.whl", hash = "sha256:8ae7bf62f0382d13e9b36babc897742bac5e7ee04b4e5e94cd67085bfccfd2fd"},
    {file = "rapidfuzz-1.5.0-cp38-cp38-macosx_10_9_x86_64.whl", hash = "sha256:466d9c644fa235278ef376eefb1fc4382107b07764fbc3c7280533ad9ce49bb4"},
    {file = "rapidfuzz-1.5.0-cp38-cp38-manylinux1_i686.whl", hash = "sha256:d04a8465738363d0b9ee39abb3b289e1198d1f3cbc98bc43b8e21ec8e0b21774"},
    {file = "rapidfuzz-1.5.0-cp38-cp38-manylinux1_x86_64.whl", hash = "sha256:2c1ce8e8419ac8462289a6e021b8802701ea0f111ebde7607ba3c9588c3d6f30"},
    {file = "rapidfuzz-1.5.0-cp38-cp38-manylinux2010_i686.whl", hash = "sha256:f44564a29e96af0925e68733859d8247a692968034e1b37407d9cfa746d3a853"},
    {file = "rapidfuzz-1.5.0-cp38-cp38-manylinux2010_x86_64.whl", hash = "sha256:d2d1bea50f54387bc1e82b93f6e3a433084e0fa538a7ada8e4d4d7200bae4b83"},
    {file = "rapidfuzz-1.5.0-cp38-cp38-manylinux2014_aarch64.whl", hash = "sha256:b409f0f86a316b6132253258185c7b011e779ed2170d1ad83c79515fea7d78c8"},
    {file = "rapidfuzz-1.5.0-cp38-cp38-manylinux2014_ppc64le.whl", hash = "sha256:bf5a6f4f2eb44f32271e9c2d1e46b657764dbd1b933dd84d7c0433eab48741f8"},
    {file = "rapidfuzz-1.5.0-cp38-cp38-manylinux2014_s390x.whl", hash = "sha256:bbdee2e3c2cee9c59e1d1a3f351760a1b510e96379d14ba2fa2484a79f56d0ea"},
    {file = "rapidfuzz-1.5.0-cp38-cp38-win32.whl", hash = "sha256:575a0eceaf84632f2014fd55a42a0621e448115adf6fcbc2b0e5c7ae1c18b501"},
    {file = "rapidfuzz-1.5.0-cp38-cp38-win_amd64.whl", hash = "sha256:cd6603b94e2a3d56d143a5100f8f3c1d29ad8f5416bdc2a25b079f96eee3c306"},
    {file = "rapidfuzz-1.5.0-cp39-cp39-macosx_10_9_universal2.whl", hash = "sha256:3fa261479e3828eff1f3d0265def8d0d893f2e2f90692d5dae96b3f4ae44d69e"},
    {file = "rapidfuzz-1.5.0-cp39-cp39-macosx_10_9_x86_64.whl", hash = "sha256:7a386fe0aad7e89b5017768492ea085d241c32f6dc5a6774b0a309d28f61e720"},
    {file = "rapidfuzz-1.5.0-cp39-cp39-macosx_11_0_arm64.whl", hash = "sha256:68156a67d541bb4584cb31e366fb7de9326f5b77ed07f9882e9b9aaa40b2e5b8"},
    {file = "rapidfuzz-1.5.0-cp39-cp39-manylinux1_i686.whl", hash = "sha256:b62b2a2d2532d357d1b970107a90e85305bdd8e302995dd251f67a19495033f5"},
    {file = "rapidfuzz-1.5.0-cp39-cp39-manylinux1_x86_64.whl", hash = "sha256:190b48ba8e3fbcb1cfc522300dbd6a007f50c13cd71002c95bd3946a63b749f6"},
    {file = "rapidfuzz-1.5.0-cp39-cp39-manylinux2010_i686.whl", hash = "sha256:51f9ac3316e713b4a10554a4d6b75fe6f802dd9b4073082cc98968ace6377cac"},
    {file = "rapidfuzz-1.5.0-cp39-cp39-manylinux2010_x86_64.whl", hash = "sha256:e00198aa7ca8408616d9821501ff90157c429c952d55a2a53987a9b064f73d49"},
    {file = "rapidfuzz-1.5.0-cp39-cp39-manylinux2014_aarch64.whl", hash = "sha256:5784c24e2de539064d8d5ce3f68756630b54fc33af31e054373a65bbed68823a"},
    {file = "rapidfuzz-1.5.0-cp39-cp39-manylinux2014_ppc64le.whl", hash = "sha256:712a4d510c466d6ca75138dad53a1cbd8db0da4bbfa5fc431fcebb0a426e5323"},
    {file = "rapidfuzz-1.5.0-cp39-cp39-manylinux2014_s390x.whl", hash = "sha256:2647e00e2211ed741aecb4e676461b7202ce46d536c3439ede911b088432b7a4"},
    {file = "rapidfuzz-1.5.0-cp39-cp39-win32.whl", hash = "sha256:0b77ca0dacb129e878c2583295b76e12da890bd091115417d23b4049b02c2566"},
    {file = "rapidfuzz-1.5.0-cp39-cp39-win_amd64.whl", hash = "sha256:dec0d429d117ffd7df1661e5f6ca56bfb6806e117be0b75b5d414df43aa4b6d5"},
    {file = "rapidfuzz-1.5.0-pp36-pypy36_pp73-macosx_10_9_x86_64.whl", hash = "sha256:a533d17d177d11b7c177c849adb728035621462f6ce2baaeb9cf1f42ba3e326c"},
    {file = "rapidfuzz-1.5.0-pp36-pypy36_pp73-manylinux1_x86_64.whl", hash = "sha256:ac9a2d5a47a4a4eab060882a162d3626889abdec69f899a59fe7b9e01ce122c9"},
    {file = "rapidfuzz-1.5.0-pp36-pypy36_pp73-manylinux2010_x86_64.whl", hash = "sha256:0e6e2f02bb67a35d75a5613509bb49f0050c0ec4471a9af14da3ad5488d6d5ff"},
    {file = "rapidfuzz-1.5.0-pp36-pypy36_pp73-win32.whl", hash = "sha256:8c61ced6729146e695ecad403165bf3a07e60b8e8a18df91962b3abf72aae6d5"},
    {file = "rapidfuzz-1.5.0-pp37-pypy37_pp73-macosx_10_9_x86_64.whl", hash = "sha256:360415125e967d8682291f00bcea311c738101e0aee4cb90e5572d7e54483f0d"},
    {file = "rapidfuzz-1.5.0-pp37-pypy37_pp73-manylinux1_x86_64.whl", hash = "sha256:2fb9d47fc16a2e8f5e900c8334d823a7307148ea764321f861b876f85a880d57"},
    {file = "rapidfuzz-1.5.0-pp37-pypy37_pp73-manylinux2010_x86_64.whl", hash = "sha256:2134ac91e8951d42c9a7de131d767580b8ac50820475221024e5bd63577a376f"},
    {file = "rapidfuzz-1.5.0-pp37-pypy37_pp73-win32.whl", hash = "sha256:04c4fd372e858f25e0898ba27b5bb7ed8dc528b0915b7aa02d20237e9cdd4feb"},
    {file = "rapidfuzz-1.5.0.tar.gz", hash = "sha256:141ee381c16f7e58640ef1f1dbf76beb953d248297a7165f7ba25d81ac1161c7"},
]
requests = [
    {file = "requests-2.26.0-py2.py3-none-any.whl", hash = "sha256:6c1246513ecd5ecd4528a0906f910e8f0f9c6b8ec72030dc9fd154dc1a6efd24"},
    {file = "requests-2.26.0.tar.gz", hash = "sha256:b8aa58f8cf793ffd8782d3d8cb19e66ef36f7aba4353eec859e74678b01b07a7"},
]
riotwatcher = [
    {file = "riotwatcher-3.1.4-py3-none-any.whl", hash = "sha256:3e2073fb9ec9591bc06fd79c3b4b293b4faa4f29e771a7684042cd6892294c02"},
    {file = "riotwatcher-3.1.4.tar.gz", hash = "sha256:3f7bf58b65a35494f40648fc50df632fbd44591dbaf15deb128e5e6944ca6262"},
]
toml = [
    {file = "toml-0.10.2-py2.py3-none-any.whl", hash = "sha256:806143ae5bfb6a3c6e736a764057db0e6a0e05e338b5630894a5f779cabb4f9b"},
    {file = "toml-0.10.2.tar.gz", hash = "sha256:b3bda1d108d5dd99f4a20d24d9c348e91c4db7ab1b749200bded2f839ccbe68f"},
]
typing-extensions = [
    {file = "typing_extensions-3.10.0.0-py2-none-any.whl", hash = "sha256:0ac0f89795dd19de6b97debb0c6af1c70987fd80a2d62d1958f7e56fcc31b497"},
    {file = "typing_extensions-3.10.0.0-py3-none-any.whl", hash = "sha256:779383f6086d90c99ae41cf0ff39aac8a7937a9283ce0a414e5dd782f4c94a84"},
    {file = "typing_extensions-3.10.0.0.tar.gz", hash = "sha256:50b6f157849174217d0656f99dc82fe932884fb250826c18350e159ec6cdf342"},
]
urllib3 = [
    {file = "urllib3-1.26.6-py2.py3-none-any.whl", hash = "sha256:39fb8672126159acb139a7718dd10806104dec1e2f0f6c88aab05d17df10c8d4"},
    {file = "urllib3-1.26.6.tar.gz", hash = "sha256:f57b4c16c62fa2760b7e3d97c35b255512fb6b59a259730f36ba32ce9f8e342f"},
]
zipp = [
    {file = "zipp-3.5.0-py3-none-any.whl", hash = "sha256:957cfda87797e389580cb8b9e3870841ca991e2125350677b2ca83a0e99390a3"},
    {file = "zipp-3.5.0.tar.gz", hash = "sha256:f5812b1e007e48cff63449a5e9f4e7ebea716b4111f9c4f9a645f91d579bf0c4"},
]
